// !$*UTF8*$!
{
	archiveVersion = 1;
	classes = {
	};
	objectVersion = 56;
	objects = {

/* Begin PBXBuildFile section */
		847CFC3D29137BB30024E8DF /* AppDelegate.swift in Sources */ = {isa = PBXBuildFile; fileRef = 847CFC3C29137BB30024E8DF /* AppDelegate.swift */; };
		847CFC3F29137BB30024E8DF /* SceneDelegate.swift in Sources */ = {isa = PBXBuildFile; fileRef = 847CFC3E29137BB30024E8DF /* SceneDelegate.swift */; };
		847CFC4129137BB30024E8DF /* ViewController.swift in Sources */ = {isa = PBXBuildFile; fileRef = 847CFC4029137BB30024E8DF /* ViewController.swift */; };
		847CFC4429137BB30024E8DF /* Main.storyboard in Resources */ = {isa = PBXBuildFile; fileRef = 847CFC4229137BB30024E8DF /* Main.storyboard */; };
		847CFC4629137BB60024E8DF /* Assets.xcassets in Resources */ = {isa = PBXBuildFile; fileRef = 847CFC4529137BB60024E8DF /* Assets.xcassets */; };
		847CFC4929137BB60024E8DF /* LaunchScreen.storyboard in Resources */ = {isa = PBXBuildFile; fileRef = 847CFC4729137BB60024E8DF /* LaunchScreen.storyboard */; };
		847CFC5429137BB70024E8DF /* LIGHTTests.swift in Sources */ = {isa = PBXBuildFile; fileRef = 847CFC5329137BB70024E8DF /* LIGHTTests.swift */; };
		847CFC5E29137BB70024E8DF /* LIGHTUITests.swift in Sources */ = {isa = PBXBuildFile; fileRef = 847CFC5D29137BB70024E8DF /* LIGHTUITests.swift */; };
		847CFC6029137BB70024E8DF /* LIGHTUITestsLaunchTests.swift in Sources */ = {isa = PBXBuildFile; fileRef = 847CFC5F29137BB70024E8DF /* LIGHTUITestsLaunchTests.swift */; };
/* End PBXBuildFile section */

/* Begin PBXContainerItemProxy section */
		847CFC5029137BB70024E8DF /* PBXContainerItemProxy */ = {
			isa = PBXContainerItemProxy;
			containerPortal = 847CFC3129137BB30024E8DF /* Project object */;
			proxyType = 1;
			remoteGlobalIDString = 847CFC3829137BB30024E8DF;
			remoteInfo = LIGHT;
		};
		847CFC5A29137BB70024E8DF /* PBXContainerItemProxy */ = {
			isa = PBXContainerItemProxy;
			containerPortal = 847CFC3129137BB30024E8DF /* Project object */;
			proxyType = 1;
			remoteGlobalIDString = 847CFC3829137BB30024E8DF;
			remoteInfo = LIGHT;
		};
/* End PBXContainerItemProxy section */

/* Begin PBXFileReference section */
		847CFC3929137BB30024E8DF /* LIGHT.app */ = {isa = PBXFileReference; explicitFileType = wrapper.application; includeInIndex = 0; path = LIGHT.app; sourceTree = BUILT_PRODUCTS_DIR; };
		847CFC3C29137BB30024E8DF /* AppDelegate.swift */ = {isa = PBXFileReference; lastKnownFileType = sourcecode.swift; path = AppDelegate.swift; sourceTree = "<group>"; };
		847CFC3E29137BB30024E8DF /* SceneDelegate.swift */ = {isa = PBXFileReference; lastKnownFileType = sourcecode.swift; path = SceneDelegate.swift; sourceTree = "<group>"; };
		847CFC4029137BB30024E8DF /* ViewController.swift */ = {isa = PBXFileReference; lastKnownFileType = sourcecode.swift; path = ViewController.swift; sourceTree = "<group>"; };
		847CFC4329137BB30024E8DF /* Base */ = {isa = PBXFileReference; lastKnownFileType = file.storyboard; name = Base; path = Base.lproj/Main.storyboard; sourceTree = "<group>"; };
		847CFC4529137BB60024E8DF /* Assets.xcassets */ = {isa = PBXFileReference; lastKnownFileType = folder.assetcatalog; path = Assets.xcassets; sourceTree = "<group>"; };
		847CFC4829137BB60024E8DF /* Base */ = {isa = PBXFileReference; lastKnownFileType = file.storyboard; name = Base; path = Base.lproj/LaunchScreen.storyboard; sourceTree = "<group>"; };
		847CFC4A29137BB60024E8DF /* Info.plist */ = {isa = PBXFileReference; lastKnownFileType = text.plist.xml; path = Info.plist; sourceTree = "<group>"; };
		847CFC4F29137BB70024E8DF /* LIGHTTests.xctest */ = {isa = PBXFileReference; explicitFileType = wrapper.cfbundle; includeInIndex = 0; path = LIGHTTests.xctest; sourceTree = BUILT_PRODUCTS_DIR; };
		847CFC5329137BB70024E8DF /* LIGHTTests.swift */ = {isa = PBXFileReference; lastKnownFileType = sourcecode.swift; path = LIGHTTests.swift; sourceTree = "<group>"; };
		847CFC5929137BB70024E8DF /* LIGHTUITests.xctest */ = {isa = PBXFileReference; explicitFileType = wrapper.cfbundle; includeInIndex = 0; path = LIGHTUITests.xctest; sourceTree = BUILT_PRODUCTS_DIR; };
		847CFC5D29137BB70024E8DF /* LIGHTUITests.swift */ = {isa = PBXFileReference; lastKnownFileType = sourcecode.swift; path = LIGHTUITests.swift; sourceTree = "<group>"; };
		847CFC5F29137BB70024E8DF /* LIGHTUITestsLaunchTests.swift */ = {isa = PBXFileReference; lastKnownFileType = sourcecode.swift; path = LIGHTUITestsLaunchTests.swift; sourceTree = "<group>"; };
/* End PBXFileReference section */

/* Begin PBXFrameworksBuildPhase section */
		847CFC3629137BB30024E8DF /* Frameworks */ = {
			isa = PBXFrameworksBuildPhase;
			buildActionMask = 2147483647;
			files = (
			);
			runOnlyForDeploymentPostprocessing = 0;
		};
		847CFC4C29137BB70024E8DF /* Frameworks */ = {
			isa = PBXFrameworksBuildPhase;
			buildActionMask = 2147483647;
			files = (
			);
			runOnlyForDeploymentPostprocessing = 0;
		};
		847CFC5629137BB70024E8DF /* Frameworks */ = {
			isa = PBXFrameworksBuildPhase;
			buildActionMask = 2147483647;
			files = (
			);
			runOnlyForDeploymentPostprocessing = 0;
		};
/* End PBXFrameworksBuildPhase section */

/* Begin PBXGroup section */
		847CFC3029137BB30024E8DF = {
			isa = PBXGroup;
			children = (
				847CFC3B29137BB30024E8DF /* LIGHT */,
				847CFC5229137BB70024E8DF /* LIGHTTests */,
				847CFC5C29137BB70024E8DF /* LIGHTUITests */,
				847CFC3A29137BB30024E8DF /* Products */,
			);
			sourceTree = "<group>";
		};
		847CFC3A29137BB30024E8DF /* Products */ = {
			isa = PBXGroup;
			children = (
				847CFC3929137BB30024E8DF /* LIGHT.app */,
				847CFC4F29137BB70024E8DF /* LIGHTTests.xctest */,
				847CFC5929137BB70024E8DF /* LIGHTUITests.xctest */,
			);
			name = Products;
			sourceTree = "<group>";
		};
		847CFC3B29137BB30024E8DF /* LIGHT */ = {
			isa = PBXGroup;
			children = (
				847CFC3C29137BB30024E8DF /* AppDelegate.swift */,
				847CFC3E29137BB30024E8DF /* SceneDelegate.swift */,
				847CFC4029137BB30024E8DF /* ViewController.swift */,
				847CFC4229137BB30024E8DF /* Main.storyboard */,
				847CFC4529137BB60024E8DF /* Assets.xcassets */,
				847CFC4729137BB60024E8DF /* LaunchScreen.storyboard */,
				847CFC4A29137BB60024E8DF /* Info.plist */,
			);
			path = LIGHT;
			sourceTree = "<group>";
		};
		847CFC5229137BB70024E8DF /* LIGHTTests */ = {
			isa = PBXGroup;
			children = (
				847CFC5329137BB70024E8DF /* LIGHTTests.swift */,
			);
			path = LIGHTTests;
			sourceTree = "<group>";
		};
		847CFC5C29137BB70024E8DF /* LIGHTUITests */ = {
			isa = PBXGroup;
			children = (
				847CFC5D29137BB70024E8DF /* LIGHTUITests.swift */,
				847CFC5F29137BB70024E8DF /* LIGHTUITestsLaunchTests.swift */,
			);
			path = LIGHTUITests;
			sourceTree = "<group>";
		};
/* End PBXGroup section */

/* Begin PBXNativeTarget section */
		847CFC3829137BB30024E8DF /* LIGHT */ = {
			isa = PBXNativeTarget;
			buildConfigurationList = 847CFC6329137BB70024E8DF /* Build configuration list for PBXNativeTarget "LIGHT" */;
			buildPhases = (
				847CFC3529137BB30024E8DF /* Sources */,
				847CFC3629137BB30024E8DF /* Frameworks */,
				847CFC3729137BB30024E8DF /* Resources */,
			);
			buildRules = (
			);
			dependencies = (
			);
			name = LIGHT;
			productName = LIGHT;
			productReference = 847CFC3929137BB30024E8DF /* LIGHT.app */;
			productType = "com.apple.product-type.application";
		};
		847CFC4E29137BB70024E8DF /* LIGHTTests */ = {
			isa = PBXNativeTarget;
			buildConfigurationList = 847CFC6629137BB70024E8DF /* Build configuration list for PBXNativeTarget "LIGHTTests" */;
			buildPhases = (
				847CFC4B29137BB70024E8DF /* Sources */,
				847CFC4C29137BB70024E8DF /* Frameworks */,
				847CFC4D29137BB70024E8DF /* Resources */,
			);
			buildRules = (
			);
			dependencies = (
				847CFC5129137BB70024E8DF /* PBXTargetDependency */,
			);
			name = LIGHTTests;
			productName = LIGHTTests;
			productReference = 847CFC4F29137BB70024E8DF /* LIGHTTests.xctest */;
			productType = "com.apple.product-type.bundle.unit-test";
		};
		847CFC5829137BB70024E8DF /* LIGHTUITests */ = {
			isa = PBXNativeTarget;
			buildConfigurationList = 847CFC6929137BB70024E8DF /* Build configuration list for PBXNativeTarget "LIGHTUITests" */;
			buildPhases = (
				847CFC5529137BB70024E8DF /* Sources */,
				847CFC5629137BB70024E8DF /* Frameworks */,
				847CFC5729137BB70024E8DF /* Resources */,
			);
			buildRules = (
			);
			dependencies = (
				847CFC5B29137BB70024E8DF /* PBXTargetDependency */,
			);
			name = LIGHTUITests;
			productName = LIGHTUITests;
			productReference = 847CFC5929137BB70024E8DF /* LIGHTUITests.xctest */;
			productType = "com.apple.product-type.bundle.ui-testing";
		};
/* End PBXNativeTarget section */

/* Begin PBXProject section */
		847CFC3129137BB30024E8DF /* Project object */ = {
			isa = PBXProject;
			attributes = {
				BuildIndependentTargetsInParallel = 1;
				LastSwiftUpdateCheck = 1400;
				LastUpgradeCheck = 1400;
				TargetAttributes = {
					847CFC3829137BB30024E8DF = {
						CreatedOnToolsVersion = 14.0.1;
					};
					847CFC4E29137BB70024E8DF = {
						CreatedOnToolsVersion = 14.0.1;
						TestTargetID = 847CFC3829137BB30024E8DF;
					};
					847CFC5829137BB70024E8DF = {
						CreatedOnToolsVersion = 14.0.1;
						TestTargetID = 847CFC3829137BB30024E8DF;
					};
				};
			};
			buildConfigurationList = 847CFC3429137BB30024E8DF /* Build configuration list for PBXProject "LIGHT" */;
			compatibilityVersion = "Xcode 14.0";
			developmentRegion = en;
			hasScannedForEncodings = 0;
			knownRegions = (
				en,
				Base,
			);
			mainGroup = 847CFC3029137BB30024E8DF;
			productRefGroup = 847CFC3A29137BB30024E8DF /* Products */;
			projectDirPath = "";
			projectRoot = "";
			targets = (
				847CFC3829137BB30024E8DF /* LIGHT */,
				847CFC4E29137BB70024E8DF /* LIGHTTests */,
				847CFC5829137BB70024E8DF /* LIGHTUITests */,
			);
		};
/* End PBXProject section */

/* Begin PBXResourcesBuildPhase section */
		847CFC3729137BB30024E8DF /* Resources */ = {
			isa = PBXResourcesBuildPhase;
			buildActionMask = 2147483647;
			files = (
				847CFC4929137BB60024E8DF /* LaunchScreen.storyboard in Resources */,
				847CFC4629137BB60024E8DF /* Assets.xcassets in Resources */,
				847CFC4429137BB30024E8DF /* Main.storyboard in Resources */,
			);
			runOnlyForDeploymentPostprocessing = 0;
		};
		847CFC4D29137BB70024E8DF /* Resources */ = {
			isa = PBXResourcesBuildPhase;
			buildActionMask = 2147483647;
			files = (
			);
			runOnlyForDeploymentPostprocessing = 0;
		};
		847CFC5729137BB70024E8DF /* Resources */ = {
			isa = PBXResourcesBuildPhase;
			buildActionMask = 2147483647;
			files = (
			);
			runOnlyForDeploymentPostprocessing = 0;
		};
/* End PBXResourcesBuildPhase section */

/* Begin PBXSourcesBuildPhase section */
		847CFC3529137BB30024E8DF /* Sources */ = {
			isa = PBXSourcesBuildPhase;
			buildActionMask = 2147483647;
			files = (
				847CFC4129137BB30024E8DF /* ViewController.swift in Sources */,
				847CFC3D29137BB30024E8DF /* AppDelegate.swift in Sources */,
				847CFC3F29137BB30024E8DF /* SceneDelegate.swift in Sources */,
			);
			runOnlyForDeploymentPostprocessing = 0;
		};
		847CFC4B29137BB70024E8DF /* Sources */ = {
			isa = PBXSourcesBuildPhase;
			buildActionMask = 2147483647;
			files = (
				847CFC5429137BB70024E8DF /* LIGHTTests.swift in Sources */,
			);
			runOnlyForDeploymentPostprocessing = 0;
		};
		847CFC5529137BB70024E8DF /* Sources */ = {
			isa = PBXSourcesBuildPhase;
			buildActionMask = 2147483647;
			files = (
				847CFC5E29137BB70024E8DF /* LIGHTUITests.swift in Sources */,
				847CFC6029137BB70024E8DF /* LIGHTUITestsLaunchTests.swift in Sources */,
			);
			runOnlyForDeploymentPostprocessing = 0;
		};
/* End PBXSourcesBuildPhase section */

/* Begin PBXTargetDependency section */
		847CFC5129137BB70024E8DF /* PBXTargetDependency */ = {
			isa = PBXTargetDependency;
			target = 847CFC3829137BB30024E8DF /* LIGHT */;
			targetProxy = 847CFC5029137BB70024E8DF /* PBXContainerItemProxy */;
		};
		847CFC5B29137BB70024E8DF /* PBXTargetDependency */ = {
			isa = PBXTargetDependency;
			target = 847CFC3829137BB30024E8DF /* LIGHT */;
			targetProxy = 847CFC5A29137BB70024E8DF /* PBXContainerItemProxy */;
		};
/* End PBXTargetDependency section */

/* Begin PBXVariantGroup section */
		847CFC4229137BB30024E8DF /* Main.storyboard */ = {
			isa = PBXVariantGroup;
			children = (
				847CFC4329137BB30024E8DF /* Base */,
			);
			name = Main.storyboard;
			sourceTree = "<group>";
		};
		847CFC4729137BB60024E8DF /* LaunchScreen.storyboard */ = {
			isa = PBXVariantGroup;
			children = (
				847CFC4829137BB60024E8DF /* Base */,
			);
			name = LaunchScreen.storyboard;
			sourceTree = "<group>";
		};
/* End PBXVariantGroup section */

/* Begin XCBuildConfiguration section */
		847CFC6129137BB70024E8DF /* Debug */ = {
			isa = XCBuildConfiguration;
			buildSettings = {
				ALWAYS_SEARCH_USER_PATHS = NO;
				CLANG_ANALYZER_NONNULL = YES;
				CLANG_ANALYZER_NUMBER_OBJECT_CONVERSION = YES_AGGRESSIVE;
				CLANG_CXX_LANGUAGE_STANDARD = "gnu++20";
				CLANG_ENABLE_MODULES = YES;
				CLANG_ENABLE_OBJC_ARC = YES;
				CLANG_ENABLE_OBJC_WEAK = YES;
				CLANG_WARN_BLOCK_CAPTURE_AUTORELEASING = YES;
				CLANG_WARN_BOOL_CONVERSION = YES;
				CLANG_WARN_COMMA = YES;
				CLANG_WARN_CONSTANT_CONVERSION = YES;
				CLANG_WARN_DEPRECATED_OBJC_IMPLEMENTATIONS = YES;
				CLANG_WARN_DIRECT_OBJC_ISA_USAGE = YES_ERROR;
				CLANG_WARN_DOCUMENTATION_COMMENTS = YES;
				CLANG_WARN_EMPTY_BODY = YES;
				CLANG_WARN_ENUM_CONVERSION = YES;
				CLANG_WARN_INFINITE_RECURSION = YES;
				CLANG_WARN_INT_CONVERSION = YES;
				CLANG_WARN_NON_LITERAL_NULL_CONVERSION = YES;
				CLANG_WARN_OBJC_IMPLICIT_RETAIN_SELF = YES;
				CLANG_WARN_OBJC_LITERAL_CONVERSION = YES;
				CLANG_WARN_OBJC_ROOT_CLASS = YES_ERROR;
				CLANG_WARN_QUOTED_INCLUDE_IN_FRAMEWORK_HEADER = YES;
				CLANG_WARN_RANGE_LOOP_ANALYSIS = YES;
				CLANG_WARN_STRICT_PROTOTYPES = YES;
				CLANG_WARN_SUSPICIOUS_MOVE = YES;
				CLANG_WARN_UNGUARDED_AVAILABILITY = YES_AGGRESSIVE;
				CLANG_WARN_UNREACHABLE_CODE = YES;
				CLANG_WARN__DUPLICATE_METHOD_MATCH = YES;
				COPY_PHASE_STRIP = NO;
				DEBUG_INFORMATION_FORMAT = dwarf;
				ENABLE_STRICT_OBJC_MSGSEND = YES;
				ENABLE_TESTABILITY = YES;
				GCC_C_LANGUAGE_STANDARD = gnu11;
				GCC_DYNAMIC_NO_PIC = NO;
				GCC_NO_COMMON_BLOCKS = YES;
				GCC_OPTIMIZATION_LEVEL = 0;
				GCC_PREPROCESSOR_DEFINITIONS = (
					"DEBUG=1",
					"$(inherited)",
				);
				GCC_WARN_64_TO_32_BIT_CONVERSION = YES;
				GCC_WARN_ABOUT_RETURN_TYPE = YES_ERROR;
				GCC_WARN_UNDECLARED_SELECTOR = YES;
				GCC_WARN_UNINITIALIZED_AUTOS = YES_AGGRESSIVE;
				GCC_WARN_UNUSED_FUNCTION = YES;
				GCC_WARN_UNUSED_VARIABLE = YES;
				IPHONEOS_DEPLOYMENT_TARGET = 16.0;
				MTL_ENABLE_DEBUG_INFO = INCLUDE_SOURCE;
				MTL_FAST_MATH = YES;
				ONLY_ACTIVE_ARCH = YES;
				SDKROOT = iphoneos;
				SWIFT_ACTIVE_COMPILATION_CONDITIONS = DEBUG;
				SWIFT_OPTIMIZATION_LEVEL = "-Onone";
			};
			name = Debug;
		};
		847CFC6229137BB70024E8DF /* Release */ = {
			isa = XCBuildConfiguration;
			buildSettings = {
				ALWAYS_SEARCH_USER_PATHS = NO;
				CLANG_ANALYZER_NONNULL = YES;
				CLANG_ANALYZER_NUMBER_OBJECT_CONVERSION = YES_AGGRESSIVE;
				CLANG_CXX_LANGUAGE_STANDARD = "gnu++20";
				CLANG_ENABLE_MODULES = YES;
				CLANG_ENABLE_OBJC_ARC = YES;
				CLANG_ENABLE_OBJC_WEAK = YES;
				CLANG_WARN_BLOCK_CAPTURE_AUTORELEASING = YES;
				CLANG_WARN_BOOL_CONVERSION = YES;
				CLANG_WARN_COMMA = YES;
				CLANG_WARN_CONSTANT_CONVERSION = YES;
				CLANG_WARN_DEPRECATED_OBJC_IMPLEMENTATIONS = YES;
				CLANG_WARN_DIRECT_OBJC_ISA_USAGE = YES_ERROR;
				CLANG_WARN_DOCUMENTATION_COMMENTS = YES;
				CLANG_WARN_EMPTY_BODY = YES;
				CLANG_WARN_ENUM_CONVERSION = YES;
				CLANG_WARN_INFINITE_RECURSION = YES;
				CLANG_WARN_INT_CONVERSION = YES;
				CLANG_WARN_NON_LITERAL_NULL_CONVERSION = YES;
				CLANG_WARN_OBJC_IMPLICIT_RETAIN_SELF = YES;
				CLANG_WARN_OBJC_LITERAL_CONVERSION = YES;
				CLANG_WARN_OBJC_ROOT_CLASS = YES_ERROR;
				CLANG_WARN_QUOTED_INCLUDE_IN_FRAMEWORK_HEADER = YES;
				CLANG_WARN_RANGE_LOOP_ANALYSIS = YES;
				CLANG_WARN_STRICT_PROTOTYPES = YES;
				CLANG_WARN_SUSPICIOUS_MOVE = YES;
				CLANG_WARN_UNGUARDED_AVAILABILITY = YES_AGGRESSIVE;
				CLANG_WARN_UNREACHABLE_CODE = YES;
				CLANG_WARN__DUPLICATE_METHOD_MATCH = YES;
				COPY_PHASE_STRIP = NO;
				DEBUG_INFORMATION_FORMAT = "dwarf-with-dsym";
				ENABLE_NS_ASSERTIONS = NO;
				ENABLE_STRICT_OBJC_MSGSEND = YES;
				GCC_C_LANGUAGE_STANDARD = gnu11;
				GCC_NO_COMMON_BLOCKS = YES;
				GCC_WARN_64_TO_32_BIT_CONVERSION = YES;
				GCC_WARN_ABOUT_RETURN_TYPE = YES_ERROR;
				GCC_WARN_UNDECLARED_SELECTOR = YES;
				GCC_WARN_UNINITIALIZED_AUTOS = YES_AGGRESSIVE;
				GCC_WARN_UNUSED_FUNCTION = YES;
				GCC_WARN_UNUSED_VARIABLE = YES;
				IPHONEOS_DEPLOYMENT_TARGET = 16.0;
				MTL_ENABLE_DEBUG_INFO = NO;
				MTL_FAST_MATH = YES;
				SDKROOT = iphoneos;
				SWIFT_COMPILATION_MODE = wholemodule;
				SWIFT_OPTIMIZATION_LEVEL = "-O";
				VALIDATE_PRODUCT = YES;
			};
			name = Release;
		};
		847CFC6429137BB70024E8DF /* Debug */ = {
			isa = XCBuildConfiguration;
			buildSettings = {
				ASSETCATALOG_COMPILER_APPICON_NAME = AppIcon;
				ASSETCATALOG_COMPILER_GLOBAL_ACCENT_COLOR_NAME = AccentColor;
				CODE_SIGN_STYLE = Automatic;
				CURRENT_PROJECT_VERSION = 1;
				GENERATE_INFOPLIST_FILE = YES;
				INFOPLIST_FILE = LIGHT/Info.plist;
				INFOPLIST_KEY_UIApplicationSupportsIndirectInputEvents = YES;
				INFOPLIST_KEY_UILaunchStoryboardName = LaunchScreen;
				INFOPLIST_KEY_UIMainStoryboardFile = Main;
				INFOPLIST_KEY_UISupportedInterfaceOrientations_iPad = "UIInterfaceOrientationPortrait UIInterfaceOrientationPortraitUpsideDown UIInterfaceOrientationLandscapeLeft UIInterfaceOrientationLandscapeRight";
				INFOPLIST_KEY_UISupportedInterfaceOrientations_iPhone = "UIInterfaceOrientationPortrait UIInterfaceOrientationLandscapeLeft UIInterfaceOrientationLandscapeRight";
				LD_RUNPATH_SEARCH_PATHS = (
					"$(inherited)",
					"@executable_path/Frameworks",
				);
				MARKETING_VERSION = 1.0;
				PRODUCT_BUNDLE_IDENTIFIER = abc.LIGHT;
				PRODUCT_NAME = "$(TARGET_NAME)";
				SWIFT_EMIT_LOC_STRINGS = YES;
				SWIFT_VERSION = 5.0;
				TARGETED_DEVICE_FAMILY = "1,2";
			};
			name = Debug;
		};
		847CFC6529137BB70024E8DF /* Release */ = {
			isa = XCBuildConfiguration;
			buildSettings = {
				ASSETCATALOG_COMPILER_APPICON_NAME = AppIcon;
				ASSETCATALOG_COMPILER_GLOBAL_ACCENT_COLOR_NAME = AccentColor;
				CODE_SIGN_STYLE = Automatic;
				CURRENT_PROJECT_VERSION = 1;
				GENERATE_INFOPLIST_FILE = YES;
				INFOPLIST_FILE = LIGHT/Info.plist;
				INFOPLIST_KEY_UIApplicationSupportsIndirectInputEvents = YES;
				INFOPLIST_KEY_UILaunchStoryboardName = LaunchScreen;
				INFOPLIST_KEY_UIMainStoryboardFile = Main;
				INFOPLIST_KEY_UISupportedInterfaceOrientations_iPad = "UIInterfaceOrientationPortrait UIInterfaceOrientationPortraitUpsideDown UIInterfaceOrientationLandscapeLeft UIInterfaceOrientationLandscapeRight";
				INFOPLIST_KEY_UISupportedInterfaceOrientations_iPhone = "UIInterfaceOrientationPortrait UIInterfaceOrientationLandscapeLeft UIInterfaceOrientationLandscapeRight";
				LD_RUNPATH_SEARCH_PATHS = (
					"$(inherited)",
					"@executable_path/Frameworks",
				);
				MARKETING_VERSION = 1.0;
				PRODUCT_BUNDLE_IDENTIFIER = abc.LIGHT;
				PRODUCT_NAME = "$(TARGET_NAME)";
				SWIFT_EMIT_LOC_STRINGS = YES;
				SWIFT_VERSION = 5.0;
				TARGETED_DEVICE_FAMILY = "1,2";
			};
			name = Release;
		};
		847CFC6729137BB70024E8DF /* Debug */ = {
			isa = XCBuildConfiguration;
			buildSettings = {
				ALWAYS_EMBED_SWIFT_STANDARD_LIBRARIES = YES;
				BUNDLE_LOADER = "$(TEST_HOST)";
				CODE_SIGN_STYLE = Automatic;
				CURRENT_PROJECT_VERSION = 1;
				GENERATE_INFOPLIST_FILE = YES;
				IPHONEOS_DEPLOYMENT_TARGET = 16.0;
				MARKETING_VERSION = 1.0;
				PRODUCT_BUNDLE_IDENTIFIER = abc.LIGHTTests;
				PRODUCT_NAME = "$(TARGET_NAME)";
				SWIFT_EMIT_LOC_STRINGS = NO;
				SWIFT_VERSION = 5.0;
				TARGETED_DEVICE_FAMILY = "1,2";
				TEST_HOST = "$(BUILT_PRODUCTS_DIR)/LIGHT.app/$(BUNDLE_EXECUTABLE_FOLDER_PATH)/LIGHT";
			};
			name = Debug;
		};
		847CFC6829137BB70024E8DF /* Release */ = {
			isa = XCBuildConfiguration;
			buildSettings = {
				ALWAYS_EMBED_SWIFT_STANDARD_LIBRARIES = YES;
				BUNDLE_LOADER = "$(TEST_HOST)";
				CODE_SIGN_STYLE = Automatic;
				CURRENT_PROJECT_VERSION = 1;
				GENERATE_INFOPLIST_FILE = YES;
				IPHONEOS_DEPLOYMENT_TARGET = 16.0;
				MARKETING_VERSION = 1.0;
				PRODUCT_BUNDLE_IDENTIFIER = abc.LIGHTTests;
				PRODUCT_NAME = "$(TARGET_NAME)";
				SWIFT_EMIT_LOC_STRINGS = NO;
				SWIFT_VERSION = 5.0;
				TARGETED_DEVICE_FAMILY = "1,2";
				TEST_HOST = "$(BUILT_PRODUCTS_DIR)/LIGHT.app/$(BUNDLE_EXECUTABLE_FOLDER_PATH)/LIGHT";
			};
			name = Release;
		};
		847CFC6A29137BB70024E8DF /* Debug */ = {
			isa = XCBuildConfiguration;
			buildSettings = {
				ALWAYS_EMBED_SWIFT_STANDARD_LIBRARIES = YES;
				CODE_SIGN_STYLE = Automatic;
				CURRENT_PROJECT_VERSION = 1;
				GENERATE_INFOPLIST_FILE = YES;
				MARKETING_VERSION = 1.0;
				PRODUCT_BUNDLE_IDENTIFIER = abc.LIGHTUITests;
				PRODUCT_NAME = "$(TARGET_NAME)";
				SWIFT_EMIT_LOC_STRINGS = NO;
				SWIFT_VERSION = 5.0;
				TARGETED_DEVICE_FAMILY = "1,2";
				TEST_TARGET_NAME = LIGHT;
			};
			name = Debug;
		};
		847CFC6B29137BB70024E8DF /* Release */ = {
			isa = XCBuildConfiguration;
			buildSettings = {
				ALWAYS_EMBED_SWIFT_STANDARD_LIBRARIES = YES;
				CODE_SIGN_STYLE = Automatic;
				CURRENT_PROJECT_VERSION = 1;
				GENERATE_INFOPLIST_FILE = YES;
				MARKETING_VERSION = 1.0;
				PRODUCT_BUNDLE_IDENTIFIER = abc.LIGHTUITests;
				PRODUCT_NAME = "$(TARGET_NAME)";
				SWIFT_EMIT_LOC_STRINGS = NO;
				SWIFT_VERSION = 5.0;
				TARGETED_DEVICE_FAMILY = "1,2";
				TEST_TARGET_NAME = LIGHT;
			};
			name = Release;
		};
/* End XCBuildConfiguration section */

/* Begin XCConfigurationList section */
		847CFC3429137BB30024E8DF /* Build configuration list for PBXProject "LIGHT" */ = {
			isa = XCConfigurationList;
			buildConfigurations = (
				847CFC6129137BB70024E8DF /* Debug */,
				847CFC6229137BB70024E8DF /* Release */,
			);
			defaultConfigurationIsVisible = 0;
			defaultConfigurationName = Release;
		};
		847CFC6329137BB70024E8DF /* Build configuration list for PBXNativeTarget "LIGHT" */ = {
			isa = XCConfigurationList;
			buildConfigurations = (
				847CFC6429137BB70024E8DF /* Debug */,
				847CFC6529137BB70024E8DF /* Release */,
			);
			defaultConfigurationIsVisible = 0;
			defaultConfigurationName = Release;
		};
		847CFC6629137BB70024E8DF /* Build configuration list for PBXNativeTarget "LIGHTTests" */ = {
			isa = XCConfigurationList;
			buildConfigurations = (
				847CFC6729137BB70024E8DF /* Debug */,
				847CFC6829137BB70024E8DF /* Release */,
			);
			defaultConfigurationIsVisible = 0;
			defaultConfigurationName = Release;
		};
		847CFC6929137BB70024E8DF /* Build configuration list for PBXNativeTarget "LIGHTUITests" */ = {
			isa = XCConfigurationList;
			buildConfigurations = (
				847CFC6A29137BB70024E8DF /* Debug */,
				847CFC6B29137BB70024E8DF /* Release */,
			);
			defaultConfigurationIsVisible = 0;
			defaultConfigurationName = Release;
		};
/* End XCConfigurationList section */
	};
	rootObject = 847CFC3129137BB30024E8DF /* Project object */;
}
